
Microsoft Visual Studio Solution File, Format Version 12.00
# Visual Studio Version 16
VisualStudioVersion = 16.0.31729.503
MinimumVisualStudioVersion = 10.0.40219.1
Project("{FAE04EC0-301F-11D3-BF4B-00C04F79EFBC}") = "CW2 Getting into Git", "CW2 Getting into Git\CW2 Getting into Git.csproj", "{3B1C3D29-92FF-40A0-A087-CE1F5CFCEB5D}"
EndProject
Global
	GlobalSection(SolutionConfigurationPlatforms) = preSolution
		Debug|Any CPU = Debug|Any CPU
		Release|Any CPU = Release|Any CPU
	EndGlobalSection
	GlobalSection(ProjectConfigurationPlatforms) = postSolution
		{3B1C3D29-92FF-40A0-A087-CE1F5CFCEB5D}.Debug|Any CPU.ActiveCfg = Debug|Any CPU
		{3B1C3D29-92FF-40A0-A087-CE1F5CFCEB5D}.Debug|Any CPU.Build.0 = Debug|Any CPU
		{3B1C3D29-92FF-40A0-A087-CE1F5CFCEB5D}.Release|Any CPU.ActiveCfg = Release|Any CPU
		{3B1C3D29-92FF-40A0-A087-CE1F5CFCEB5D}.Release|Any CPU.Build.0 = Release|Any CPU
	EndGlobalSection
	GlobalSection(SolutionProperties) = preSolution
		HideSolutionNode = FALSE
	EndGlobalSection
	GlobalSection(ExtensibilityGlobals) = postSolution
		SolutionGuid = {FD04D1A2-793C-4B8E-BABE-9686B25283F2}
	EndGlobalSection
EndGlobal
